
Microsoft Visual Studio Solution File, Format Version 12.00
# Visual Studio Version 17
VisualStudioVersion = 17.0.32014.148
MinimumVisualStudioVersion = 10.0.40219.1
Project("{2150E333-8FDC-42A3-9474-1A3956D46DE8}") = "4_Presentation", "4_Presentation", "{B0C11B86-6BD3-49D7-9145-378E8AE65667}"
EndProject
Project("{2150E333-8FDC-42A3-9474-1A3956D46DE8}") = "0_Framework", "0_Framework", "{1AA20BE1-4367-475A-B91A-0212EF85BEC0}"
EndProject
Project("{2150E333-8FDC-42A3-9474-1A3956D46DE8}") = "1_Data", "1_Data", "{9311E6B7-D867-40A7-9A55-19F6D9D74FBA}"
EndProject
Project("{2150E333-8FDC-42A3-9474-1A3956D46DE8}") = "2_Domain", "2_Domain", "{5B0747BF-E2EF-4ED8-9FE8-3452812C917C}"
EndProject
Project("{2150E333-8FDC-42A3-9474-1A3956D46DE8}") = "3_Services", "3_Services", "{088B230C-5EE5-4707-8C5A-33720F496228}"
EndProject
Project("{9A19103F-16F7-4668-BE54-9A1E7A4F7556}") = "Iz.Online.Files", "Iz.Online.Files\Iz.Online.Files.csproj", "{DA097C4C-A1E5-452A-8BEB-C066890D8603}"
EndProject
Project("{9A19103F-16F7-4668-BE54-9A1E7A4F7556}") = "Iz.Online.DataAccess", "Iz.Online.DataAccess\Iz.Online.DataAccess.csproj", "{7026F97C-86CC-45DC-A439-2117D51AE1F7}"
EndProject
Project("{9A19103F-16F7-4668-BE54-9A1E7A4F7556}") = "Iz.Online.Entities", "Iz.Online.Entities\Iz.Online.Entities.csproj", "{E6059764-4B89-4CD1-8641-C305D0D484D1}"
EndProject
Project("{9A19103F-16F7-4668-BE54-9A1E7A4F7556}") = "Iz.Online.OmsModels", "Iz.Online.Models\Iz.Online.OmsModels.csproj", "{CFE902FD-48C3-416A-9F3D-FC0BF49FDD24}"
EndProject
Project("{9A19103F-16F7-4668-BE54-9A1E7A4F7556}") = "Iz.Online.Reopsitory", "Iz.Online.Reopsitory\Iz.Online.Reopsitory.csproj", "{6D6BEDCB-2860-42FD-8A7C-119A547F518D}"
EndProject
Project("{9A19103F-16F7-4668-BE54-9A1E7A4F7556}") = "Izi.Online.ViewModels", "Izi.Online.ViewModels\Izi.Online.ViewModels.csproj", "{F19119FC-27EF-4C9D-B190-BF406E394B8F}"
EndProject
Project("{9A19103F-16F7-4668-BE54-9A1E7A4F7556}") = "Iz.Online.ExternalServices", "Iz.Online.ExternalServices\Iz.Online.ExternalServices.csproj", "{963FE6DC-8B24-47C8-89DA-3631DBBB02AB}"
EndProject
Project("{9A19103F-16F7-4668-BE54-9A1E7A4F7556}") = "Iz.Online.Services", "Iz.Online.Services\Iz.Online.Services.csproj", "{22EF61F6-EB7E-4D70-9B4D-B56F6F46A58C}"
EndProject
Project("{9A19103F-16F7-4668-BE54-9A1E7A4F7556}") = "Iz.Online.API", "Iz.Online.API\Iz.Online.API.csproj", "{1FB9225C-DDCC-41FD-828D-64DC610CDC52}"
EndProject
Project("{9A19103F-16F7-4668-BE54-9A1E7A4F7556}") = "Iz.Online.SignalR", "Iz.Online.SignalR\Iz.Online.SignalR.csproj", "{75D38220-C52C-46A7-8D8F-21352DFF5D96}"
EndProject
Project("{9A19103F-16F7-4668-BE54-9A1E7A4F7556}") = "Dibaware.Api.Test", "Dibaware.Api.Test\Dibaware.Api.Test.csproj", "{1C963A5D-F610-483B-A837-8CA8D0FF7D51}"
EndProject
Project("{9A19103F-16F7-4668-BE54-9A1E7A4F7556}") = "TestConsole", "TestConsole\TestConsole.csproj", "{788F913D-9599-4087-9B11-604AD8CE4AB4}"
EndProject
Project("{FAE04EC0-301F-11D3-BF4B-00C04F79EFBC}") = "Iz.Online.HubHandler", "Iz.Online.HubHandler\Iz.Online.HubHandler.csproj", "{9E9D4507-9EF1-458E-9C9A-22CE09D53531}"
EndProject
Global
	GlobalSection(SolutionConfigurationPlatforms) = preSolution
		Debug|Any CPU = Debug|Any CPU
		Release|Any CPU = Release|Any CPU
	EndGlobalSection
	GlobalSection(ProjectConfigurationPlatforms) = postSolution
		{DA097C4C-A1E5-452A-8BEB-C066890D8603}.Debug|Any CPU.ActiveCfg = Debug|Any CPU
		{DA097C4C-A1E5-452A-8BEB-C066890D8603}.Debug|Any CPU.Build.0 = Debug|Any CPU
		{DA097C4C-A1E5-452A-8BEB-C066890D8603}.Release|Any CPU.ActiveCfg = Release|Any CPU
		{DA097C4C-A1E5-452A-8BEB-C066890D8603}.Release|Any CPU.Build.0 = Release|Any CPU
		{7026F97C-86CC-45DC-A439-2117D51AE1F7}.Debug|Any CPU.ActiveCfg = Debug|Any CPU
		{7026F97C-86CC-45DC-A439-2117D51AE1F7}.Debug|Any CPU.Build.0 = Debug|Any CPU
		{7026F97C-86CC-45DC-A439-2117D51AE1F7}.Release|Any CPU.ActiveCfg = Release|Any CPU
		{7026F97C-86CC-45DC-A439-2117D51AE1F7}.Release|Any CPU.Build.0 = Release|Any CPU
		{E6059764-4B89-4CD1-8641-C305D0D484D1}.Debug|Any CPU.ActiveCfg = Debug|Any CPU
		{E6059764-4B89-4CD1-8641-C305D0D484D1}.Debug|Any CPU.Build.0 = Debug|Any CPU
		{E6059764-4B89-4CD1-8641-C305D0D484D1}.Release|Any CPU.ActiveCfg = Release|Any CPU
		{E6059764-4B89-4CD1-8641-C305D0D484D1}.Release|Any CPU.Build.0 = Release|Any CPU
		{CFE902FD-48C3-416A-9F3D-FC0BF49FDD24}.Debug|Any CPU.ActiveCfg = Debug|Any CPU
		{CFE902FD-48C3-416A-9F3D-FC0BF49FDD24}.Debug|Any CPU.Build.0 = Debug|Any CPU
		{CFE902FD-48C3-416A-9F3D-FC0BF49FDD24}.Release|Any CPU.ActiveCfg = Release|Any CPU
		{CFE902FD-48C3-416A-9F3D-FC0BF49FDD24}.Release|Any CPU.Build.0 = Release|Any CPU
		{6D6BEDCB-2860-42FD-8A7C-119A547F518D}.Debug|Any CPU.ActiveCfg = Debug|Any CPU
		{6D6BEDCB-2860-42FD-8A7C-119A547F518D}.Debug|Any CPU.Build.0 = Debug|Any CPU
		{6D6BEDCB-2860-42FD-8A7C-119A547F518D}.Release|Any CPU.ActiveCfg = Release|Any CPU
		{6D6BEDCB-2860-42FD-8A7C-119A547F518D}.Release|Any CPU.Build.0 = Release|Any CPU
		{F19119FC-27EF-4C9D-B190-BF406E394B8F}.Debug|Any CPU.ActiveCfg = Debug|Any CPU
		{F19119FC-27EF-4C9D-B190-BF406E394B8F}.Debug|Any CPU.Build.0 = Debug|Any CPU
		{F19119FC-27EF-4C9D-B190-BF406E394B8F}.Release|Any CPU.ActiveCfg = Release|Any CPU
		{F19119FC-27EF-4C9D-B190-BF406E394B8F}.Release|Any CPU.Build.0 = Release|Any CPU
		{963FE6DC-8B24-47C8-89DA-3631DBBB02AB}.Debug|Any CPU.ActiveCfg = Debug|Any CPU
		{963FE6DC-8B24-47C8-89DA-3631DBBB02AB}.Debug|Any CPU.Build.0 = Debug|Any CPU
		{963FE6DC-8B24-47C8-89DA-3631DBBB02AB}.Release|Any CPU.ActiveCfg = Release|Any CPU
		{963FE6DC-8B24-47C8-89DA-3631DBBB02AB}.Release|Any CPU.Build.0 = Release|Any CPU
		{22EF61F6-EB7E-4D70-9B4D-B56F6F46A58C}.Debug|Any CPU.ActiveCfg = Debug|Any CPU
		{22EF61F6-EB7E-4D70-9B4D-B56F6F46A58C}.Debug|Any CPU.Build.0 = Debug|Any CPU
		{22EF61F6-EB7E-4D70-9B4D-B56F6F46A58C}.Release|Any CPU.ActiveCfg = Release|Any CPU
		{22EF61F6-EB7E-4D70-9B4D-B56F6F46A58C}.Release|Any CPU.Build.0 = Release|Any CPU
		{1FB9225C-DDCC-41FD-828D-64DC610CDC52}.Debug|Any CPU.ActiveCfg = Debug|Any CPU
		{1FB9225C-DDCC-41FD-828D-64DC610CDC52}.Debug|Any CPU.Build.0 = Debug|Any CPU
		{1FB9225C-DDCC-41FD-828D-64DC610CDC52}.Release|Any CPU.ActiveCfg = Release|Any CPU
		{1FB9225C-DDCC-41FD-828D-64DC610CDC52}.Release|Any CPU.Build.0 = Release|Any CPU
		{75D38220-C52C-46A7-8D8F-21352DFF5D96}.Debug|Any CPU.ActiveCfg = Debug|Any CPU
		{75D38220-C52C-46A7-8D8F-21352DFF5D96}.Debug|Any CPU.Build.0 = Debug|Any CPU
		{75D38220-C52C-46A7-8D8F-21352DFF5D96}.Release|Any CPU.ActiveCfg = Release|Any CPU
		{75D38220-C52C-46A7-8D8F-21352DFF5D96}.Release|Any CPU.Build.0 = Release|Any CPU
		{1C963A5D-F610-483B-A837-8CA8D0FF7D51}.Debug|Any CPU.ActiveCfg = Debug|Any CPU
		{1C963A5D-F610-483B-A837-8CA8D0FF7D51}.Debug|Any CPU.Build.0 = Debug|Any CPU
		{1C963A5D-F610-483B-A837-8CA8D0FF7D51}.Release|Any CPU.ActiveCfg = Release|Any CPU
		{1C963A5D-F610-483B-A837-8CA8D0FF7D51}.Release|Any CPU.Build.0 = Release|Any CPU
		{788F913D-9599-4087-9B11-604AD8CE4AB4}.Debug|Any CPU.ActiveCfg = Debug|Any CPU
		{788F913D-9599-4087-9B11-604AD8CE4AB4}.Debug|Any CPU.Build.0 = Debug|Any CPU
		{788F913D-9599-4087-9B11-604AD8CE4AB4}.Release|Any CPU.ActiveCfg = Release|Any CPU
		{788F913D-9599-4087-9B11-604AD8CE4AB4}.Release|Any CPU.Build.0 = Release|Any CPU
		{9E9D4507-9EF1-458E-9C9A-22CE09D53531}.Debug|Any CPU.ActiveCfg = Debug|Any CPU
		{9E9D4507-9EF1-458E-9C9A-22CE09D53531}.Debug|Any CPU.Build.0 = Debug|Any CPU
		{9E9D4507-9EF1-458E-9C9A-22CE09D53531}.Release|Any CPU.ActiveCfg = Release|Any CPU
		{9E9D4507-9EF1-458E-9C9A-22CE09D53531}.Release|Any CPU.Build.0 = Release|Any CPU
	EndGlobalSection
	GlobalSection(SolutionProperties) = preSolution
		HideSolutionNode = FALSE
	EndGlobalSection
	GlobalSection(NestedProjects) = preSolution
		{DA097C4C-A1E5-452A-8BEB-C066890D8603} = {1AA20BE1-4367-475A-B91A-0212EF85BEC0}
		{7026F97C-86CC-45DC-A439-2117D51AE1F7} = {9311E6B7-D867-40A7-9A55-19F6D9D74FBA}
		{E6059764-4B89-4CD1-8641-C305D0D484D1} = {9311E6B7-D867-40A7-9A55-19F6D9D74FBA}
		{CFE902FD-48C3-416A-9F3D-FC0BF49FDD24} = {5B0747BF-E2EF-4ED8-9FE8-3452812C917C}
		{6D6BEDCB-2860-42FD-8A7C-119A547F518D} = {5B0747BF-E2EF-4ED8-9FE8-3452812C917C}
		{F19119FC-27EF-4C9D-B190-BF406E394B8F} = {5B0747BF-E2EF-4ED8-9FE8-3452812C917C}
		{963FE6DC-8B24-47C8-89DA-3631DBBB02AB} = {088B230C-5EE5-4707-8C5A-33720F496228}
		{22EF61F6-EB7E-4D70-9B4D-B56F6F46A58C} = {088B230C-5EE5-4707-8C5A-33720F496228}
		{1FB9225C-DDCC-41FD-828D-64DC610CDC52} = {B0C11B86-6BD3-49D7-9145-378E8AE65667}
		{75D38220-C52C-46A7-8D8F-21352DFF5D96} = {B0C11B86-6BD3-49D7-9145-378E8AE65667}
		{1C963A5D-F610-483B-A837-8CA8D0FF7D51} = {B0C11B86-6BD3-49D7-9145-378E8AE65667}
		{788F913D-9599-4087-9B11-604AD8CE4AB4} = {B0C11B86-6BD3-49D7-9145-378E8AE65667}
		{9E9D4507-9EF1-458E-9C9A-22CE09D53531} = {088B230C-5EE5-4707-8C5A-33720F496228}
	EndGlobalSection
	GlobalSection(ExtensibilityGlobals) = postSolution
		SolutionGuid = {723986F2-AA45-4BCA-8D94-D8EC500B0DEA}
	EndGlobalSection
EndGlobal
