
Microsoft Visual Studio Solution File, Format Version 12.00
# Visual Studio Version 17
VisualStudioVersion = 17.0.32014.148
MinimumVisualStudioVersion = 10.0.40219.1
Project("{FAE04EC0-301F-11D3-BF4B-00C04F79EFBC}") = "clientSignalR", "clientSignalR\clientSignalR.csproj", "{BC3E8F80-2923-414A-8F2C-5967600DB977}"
EndProject
Global
	GlobalSection(SolutionConfigurationPlatforms) = preSolution
		Debug|Any CPU = Debug|Any CPU
		Release|Any CPU = Release|Any CPU
	EndGlobalSection
	GlobalSection(ProjectConfigurationPlatforms) = postSolution
		{BC3E8F80-2923-414A-8F2C-5967600DB977}.Debug|Any CPU.ActiveCfg = Debug|Any CPU
		{BC3E8F80-2923-414A-8F2C-5967600DB977}.Debug|Any CPU.Build.0 = Debug|Any CPU
		{BC3E8F80-2923-414A-8F2C-5967600DB977}.Release|Any CPU.ActiveCfg = Release|Any CPU
		{BC3E8F80-2923-414A-8F2C-5967600DB977}.Release|Any CPU.Build.0 = Release|Any CPU
	EndGlobalSection
	GlobalSection(SolutionProperties) = preSolution
		HideSolutionNode = FALSE
	EndGlobalSection
	GlobalSection(ExtensibilityGlobals) = postSolution
		SolutionGuid = {CE51E8F9-138F-45AC-AA55-B8A2B3E64089}
	EndGlobalSection
EndGlobal
